
Microsoft Visual Studio Solution File, Format Version 12.00
# Visual Studio Version 17
VisualStudioVersion = 17.6.33815.320
MinimumVisualStudioVersion = 10.0.40219.1
Project("{FAE04EC0-301F-11D3-BF4B-00C04F79EFBC}") = "EFC_02_QuanLyCongThucNauAn", "EFC_02_QuanLyCongThucNauAn\EFC_02_QuanLyCongThucNauAn.csproj", "{15713111-653B-407A-B3AD-373827400865}"
EndProject
Global
	GlobalSection(SolutionConfigurationPlatforms) = preSolution
		Debug|Any CPU = Debug|Any CPU
		Release|Any CPU = Release|Any CPU
	EndGlobalSection
	GlobalSection(ProjectConfigurationPlatforms) = postSolution
		{15713111-653B-407A-B3AD-373827400865}.Debug|Any CPU.ActiveCfg = Debug|Any CPU
		{15713111-653B-407A-B3AD-373827400865}.Debug|Any CPU.Build.0 = Debug|Any CPU
		{15713111-653B-407A-B3AD-373827400865}.Release|Any CPU.ActiveCfg = Release|Any CPU
		{15713111-653B-407A-B3AD-373827400865}.Release|Any CPU.Build.0 = Release|Any CPU
	EndGlobalSection
	GlobalSection(SolutionProperties) = preSolution
		HideSolutionNode = FALSE
	EndGlobalSection
	GlobalSection(ExtensibilityGlobals) = postSolution
		SolutionGuid = {85A38649-0161-4305-9DAE-BECC6751B874}
	EndGlobalSection
EndGlobal
